
Microsoft Visual Studio Solution File, Format Version 12.00
# Visual Studio 15
VisualStudioVersion = 15.0.28010.2041
MinimumVisualStudioVersion = 10.0.40219.1
Project("{FAE04EC0-301F-11D3-BF4B-00C04F79EFBC}") = "cmpt391Project", "cmpt391Project\cmpt391Project.csproj", "{87CEF0BB-88BB-47B6-8A29-A9B5D2E77E89}"
EndProject
Global
	GlobalSection(SolutionConfigurationPlatforms) = preSolution
		Debug|Any CPU = Debug|Any CPU
		Release|Any CPU = Release|Any CPU
	EndGlobalSection
	GlobalSection(ProjectConfigurationPlatforms) = postSolution
		{87CEF0BB-88BB-47B6-8A29-A9B5D2E77E89}.Debug|Any CPU.ActiveCfg = Debug|Any CPU
		{87CEF0BB-88BB-47B6-8A29-A9B5D2E77E89}.Debug|Any CPU.Build.0 = Debug|Any CPU
		{87CEF0BB-88BB-47B6-8A29-A9B5D2E77E89}.Release|Any CPU.ActiveCfg = Release|Any CPU
		{87CEF0BB-88BB-47B6-8A29-A9B5D2E77E89}.Release|Any CPU.Build.0 = Release|Any CPU
	EndGlobalSection
	GlobalSection(SolutionProperties) = preSolution
		HideSolutionNode = FALSE
	EndGlobalSection
	GlobalSection(ExtensibilityGlobals) = postSolution
		SolutionGuid = {B4291928-6787-427A-95BC-0AAEF59C74E0}
	EndGlobalSection
EndGlobal
